{
  "name": "@an-act/runtime-core",
  "version": "1.0.0",
  "lockfileVersion": 3,
  "requires": true,
  "packages": {
    "": {
      "name": "@an-act/runtime-core",
      "version": "1.0.0",
      "license": "UNLICENSED",
      "dependencies": {
        "@an-act/tokens": "file:../tokens"
      }
    },
    "../tokens": {
      "name": "@an-act/tokens",
      "version": "1.0.0",
      "license": "UNLICENSED"
    },
    "node_modules/@an-act/tokens": {
      "resolved": "../tokens",
      "link": true
    }
  }
}
