{
  "name": "@an-act/runtime-client",
  "version": "1.0.0",
  "lockfileVersion": 3,
  "requires": true,
  "packages": {
    "": {
      "name": "@an-act/runtime-client",
      "version": "1.0.0",
      "license": "UNLICENSED",
      "dependencies": {
        "@an-act/runtime-core": "file:../runtime-core"
      }
    },
    "../runtime-core": {
      "name": "@an-act/runtime-core",
      "version": "1.0.0",
      "license": "UNLICENSED",
      "dependencies": {
        "@an-act/tokens": "file:../tokens"
      }
    },
    "node_modules/@an-act/runtime-core": {
      "resolved": "../runtime-core",
      "link": true
    }
  }
}
